
Microsoft Visual Studio Solution File, Format Version 12.00
# Visual Studio Version 17
VisualStudioVersion = 17.7.34003.232
MinimumVisualStudioVersion = 10.0.40219.1
Project("{FAE04EC0-301F-11D3-BF4B-00C04F79EFBC}") = "PaintyTestTask", "PaintyTestTask\PaintyTestTask.csproj", "{AEEA33A1-421C-4E8C-8AA2-77D855662276}"
EndProject
Global
	GlobalSection(SolutionConfigurationPlatforms) = preSolution
		Debug|Any CPU = Debug|Any CPU
		Release|Any CPU = Release|Any CPU
	EndGlobalSection
	GlobalSection(ProjectConfigurationPlatforms) = postSolution
		{AEEA33A1-421C-4E8C-8AA2-77D855662276}.Debug|Any CPU.ActiveCfg = Debug|Any CPU
		{AEEA33A1-421C-4E8C-8AA2-77D855662276}.Debug|Any CPU.Build.0 = Debug|Any CPU
		{AEEA33A1-421C-4E8C-8AA2-77D855662276}.Release|Any CPU.ActiveCfg = Release|Any CPU
		{AEEA33A1-421C-4E8C-8AA2-77D855662276}.Release|Any CPU.Build.0 = Release|Any CPU
	EndGlobalSection
	GlobalSection(SolutionProperties) = preSolution
		HideSolutionNode = FALSE
	EndGlobalSection
	GlobalSection(ExtensibilityGlobals) = postSolution
		SolutionGuid = {D9373CFE-C102-47BD-842C-40427352DAEF}
	EndGlobalSection
EndGlobal
